
Microsoft Visual Studio Solution File, Format Version 12.00
# Visual Studio 15
Project("{FAE04EC0-301F-11D3-BF4B-00C04F79EFBC}") = "Assembly-CSharp", "Assembly-CSharp.csproj", "{2D3B4556-7162-E4EE-301B-C21B205F2143}"
EndProject
Project("{FAE04EC0-301F-11D3-BF4B-00C04F79EFBC}") = "Assembly-CSharp-Editor", "Assembly-CSharp-Editor.csproj", "{8E85ED85-64F9-2DBE-7808-5FD19E2F5035}"
EndProject
Global
	GlobalSection(SolutionConfigurationPlatforms) = preSolution
		Debug|Any CPU = Debug|Any CPU
		Release|Any CPU = Release|Any CPU
	EndGlobalSection
	GlobalSection(ProjectConfigurationPlatforms) = postSolution
		{2D3B4556-7162-E4EE-301B-C21B205F2143}.Debug|Any CPU.ActiveCfg = Debug|Any CPU
		{2D3B4556-7162-E4EE-301B-C21B205F2143}.Debug|Any CPU.Build.0 = Debug|Any CPU
		{2D3B4556-7162-E4EE-301B-C21B205F2143}.Release|Any CPU.ActiveCfg = Release|Any CPU
		{2D3B4556-7162-E4EE-301B-C21B205F2143}.Release|Any CPU.Build.0 = Release|Any CPU
		{8E85ED85-64F9-2DBE-7808-5FD19E2F5035}.Debug|Any CPU.ActiveCfg = Debug|Any CPU
		{8E85ED85-64F9-2DBE-7808-5FD19E2F5035}.Debug|Any CPU.Build.0 = Debug|Any CPU
		{8E85ED85-64F9-2DBE-7808-5FD19E2F5035}.Release|Any CPU.ActiveCfg = Release|Any CPU
		{8E85ED85-64F9-2DBE-7808-5FD19E2F5035}.Release|Any CPU.Build.0 = Release|Any CPU
	EndGlobalSection
	GlobalSection(SolutionProperties) = preSolution
		HideSolutionNode = FALSE
	EndGlobalSection
EndGlobal
